
Microsoft Visual Studio Solution File, Format Version 12.00
# Visual Studio Version 17
VisualStudioVersion = 17.8.34330.188
MinimumVisualStudioVersion = 10.0.40219.1
Project("{FAE04EC0-301F-11D3-BF4B-00C04F79EFBC}") = "SignalR", "SignalR\SignalR.csproj", "{5A813E7E-85BA-4232-9386-FB7083335006}"
EndProject
Project("{FAE04EC0-301F-11D3-BF4B-00C04F79EFBC}") = "Client", "Client\Client.csproj", "{65FB8739-0C5E-4D1B-AE5F-9CFDADC3E581}"
EndProject
Project("{FAE04EC0-301F-11D3-BF4B-00C04F79EFBC}") = "Client2", "Client2\Client2.csproj", "{71D39F2B-149D-4EAC-9D54-56B4C3E1CB12}"
EndProject
Global
	GlobalSection(SolutionConfigurationPlatforms) = preSolution
		Debug|Any CPU = Debug|Any CPU
		Release|Any CPU = Release|Any CPU
	EndGlobalSection
	GlobalSection(ProjectConfigurationPlatforms) = postSolution
		{5A813E7E-85BA-4232-9386-FB7083335006}.Debug|Any CPU.ActiveCfg = Debug|Any CPU
		{5A813E7E-85BA-4232-9386-FB7083335006}.Debug|Any CPU.Build.0 = Debug|Any CPU
		{5A813E7E-85BA-4232-9386-FB7083335006}.Release|Any CPU.ActiveCfg = Release|Any CPU
		{5A813E7E-85BA-4232-9386-FB7083335006}.Release|Any CPU.Build.0 = Release|Any CPU
		{65FB8739-0C5E-4D1B-AE5F-9CFDADC3E581}.Debug|Any CPU.ActiveCfg = Debug|Any CPU
		{65FB8739-0C5E-4D1B-AE5F-9CFDADC3E581}.Debug|Any CPU.Build.0 = Debug|Any CPU
		{65FB8739-0C5E-4D1B-AE5F-9CFDADC3E581}.Release|Any CPU.ActiveCfg = Release|Any CPU
		{65FB8739-0C5E-4D1B-AE5F-9CFDADC3E581}.Release|Any CPU.Build.0 = Release|Any CPU
		{71D39F2B-149D-4EAC-9D54-56B4C3E1CB12}.Debug|Any CPU.ActiveCfg = Debug|Any CPU
		{71D39F2B-149D-4EAC-9D54-56B4C3E1CB12}.Debug|Any CPU.Build.0 = Debug|Any CPU
		{71D39F2B-149D-4EAC-9D54-56B4C3E1CB12}.Release|Any CPU.ActiveCfg = Release|Any CPU
		{71D39F2B-149D-4EAC-9D54-56B4C3E1CB12}.Release|Any CPU.Build.0 = Release|Any CPU
	EndGlobalSection
	GlobalSection(SolutionProperties) = preSolution
		HideSolutionNode = FALSE
	EndGlobalSection
	GlobalSection(ExtensibilityGlobals) = postSolution
		SolutionGuid = {BE70C273-DB9C-4A90-ACD5-02961D7072B3}
	EndGlobalSection
EndGlobal
